
Microsoft Visual Studio Solution File, Format Version 12.00
# Visual Studio Version 17
VisualStudioVersion = 17.5.002.0
MinimumVisualStudioVersion = 10.0.40219.1
Project("{9A19103F-16F7-4668-BE54-9A1E7A4F7556}") = "AMS23_Caroussel", "AMS23_Caroussel.csproj", "{C29DC02B-678B-4194-9A54-EC8E1DEFF831}"
EndProject
Global
	GlobalSection(SolutionConfigurationPlatforms) = preSolution
		Debug|Any CPU = Debug|Any CPU
		Release|Any CPU = Release|Any CPU
	EndGlobalSection
	GlobalSection(ProjectConfigurationPlatforms) = postSolution
		{C29DC02B-678B-4194-9A54-EC8E1DEFF831}.Debug|Any CPU.ActiveCfg = Debug|Any CPU
		{C29DC02B-678B-4194-9A54-EC8E1DEFF831}.Debug|Any CPU.Build.0 = Debug|Any CPU
		{C29DC02B-678B-4194-9A54-EC8E1DEFF831}.Release|Any CPU.ActiveCfg = Release|Any CPU
		{C29DC02B-678B-4194-9A54-EC8E1DEFF831}.Release|Any CPU.Build.0 = Release|Any CPU
	EndGlobalSection
	GlobalSection(SolutionProperties) = preSolution
		HideSolutionNode = FALSE
	EndGlobalSection
	GlobalSection(ExtensibilityGlobals) = postSolution
		SolutionGuid = {A0010569-E867-46A3-9BB5-1C7B85E8E05A}
	EndGlobalSection
EndGlobal
